// !$*UTF8*$!
{
	archiveVersion = 1;
	classes = {
	};
	objectVersion = 48;
	objects = {

/* Begin PBXBuildFile section */
		0D073A075F07649481215691 /* Pods_fudar_userTests.framework in Frameworks */ = {isa = PBXBuildFile; fileRef = 3BA36A52CF643EFBA41CEF39 /* Pods_fudar_userTests.framework */; };
		220350001F9C1AAF00291AFE /* PurchaseManager.swift in Sources */ = {isa = PBXBuildFile; fileRef = 22034FFF1F9C1AAF00291AFE /* PurchaseManager.swift */; };
		220350021F9C1BA300291AFE /* ReaderManager.swift in Sources */ = {isa = PBXBuildFile; fileRef = 220350011F9C1BA300291AFE /* ReaderManager.swift */; };
		220350061F9C3E3700291AFE /* OrderManager.swift in Sources */ = {isa = PBXBuildFile; fileRef = 220350051F9C3E3700291AFE /* OrderManager.swift */; };
		224A76561F9BC556004AEB3A /* AppDelegate.swift in Sources */ = {isa = PBXBuildFile; fileRef = 224A76551F9BC556004AEB3A /* AppDelegate.swift */; };
		224A76581F9BC556004AEB3A /* FirstViewController.swift in Sources */ = {isa = PBXBuildFile; fileRef = 224A76571F9BC556004AEB3A /* FirstViewController.swift */; };
		224A765D1F9BC556004AEB3A /* Main.storyboard in Resources */ = {isa = PBXBuildFile; fileRef = 224A765B1F9BC556004AEB3A /* Main.storyboard */; };
		224A765F1F9BC556004AEB3A /* Assets.xcassets in Resources */ = {isa = PBXBuildFile; fileRef = 224A765E1F9BC556004AEB3A /* Assets.xcassets */; };
		224A76621F9BC556004AEB3A /* LaunchScreen.storyboard in Resources */ = {isa = PBXBuildFile; fileRef = 224A76601F9BC556004AEB3A /* LaunchScreen.storyboard */; };
		224A766D1F9BC556004AEB3A /* fudar_userTests.swift in Sources */ = {isa = PBXBuildFile; fileRef = 224A766C1F9BC556004AEB3A /* fudar_userTests.swift */; };
		224A76781F9BC556004AEB3A /* fudar_userUITests.swift in Sources */ = {isa = PBXBuildFile; fileRef = 224A76771F9BC556004AEB3A /* fudar_userUITests.swift */; };
		229C48BA1F9BFC93006AE32C /* CloverGoConnectorListener.swift in Sources */ = {isa = PBXBuildFile; fileRef = 229C48B41F9BFC93006AE32C /* CloverGoConnectorListener.swift */; };
		229C48BB1F9BFC93006AE32C /* CloverConnectorListener.swift in Sources */ = {isa = PBXBuildFile; fileRef = 229C48B51F9BFC93006AE32C /* CloverConnectorListener.swift */; };
		229C48BC1F9BFC93006AE32C /* Utility.swift in Sources */ = {isa = PBXBuildFile; fileRef = 229C48B61F9BFC93006AE32C /* Utility.swift */; };
		229C48DE1F9BFE45006AE32C /* POSItem.swift in Sources */ = {isa = PBXBuildFile; fileRef = 229C48D31F9BFE44006AE32C /* POSItem.swift */; };
		229C48DF1F9BFE45006AE32C /* POSOrderItem.swift in Sources */ = {isa = PBXBuildFile; fileRef = 229C48D41F9BFE44006AE32C /* POSOrderItem.swift */; };
		229C48E01F9BFE45006AE32C /* POSRefund.swift in Sources */ = {isa = PBXBuildFile; fileRef = 229C48D51F9BFE44006AE32C /* POSRefund.swift */; };
		229C48E11F9BFE45006AE32C /* POSPayment.swift in Sources */ = {isa = PBXBuildFile; fileRef = 229C48D61F9BFE45006AE32C /* POSPayment.swift */; };
		229C48E21F9BFE45006AE32C /* POSStore.swift in Sources */ = {isa = PBXBuildFile; fileRef = 229C48D71F9BFE45006AE32C /* POSStore.swift */; };
		229C48E31F9BFE45006AE32C /* POSNakedRefund.swift in Sources */ = {isa = PBXBuildFile; fileRef = 229C48D81F9BFE45006AE32C /* POSNakedRefund.swift */; };
		229C48E41F9BFE45006AE32C /* POSCard.swift in Sources */ = {isa = PBXBuildFile; fileRef = 229C48D91F9BFE45006AE32C /* POSCard.swift */; };
		229C48E51F9BFE45006AE32C /* POSOrder.swift in Sources */ = {isa = PBXBuildFile; fileRef = 229C48DA1F9BFE45006AE32C /* POSOrder.swift */; };
		229C48E61F9BFE45006AE32C /* POSLineItem.swift in Sources */ = {isa = PBXBuildFile; fileRef = 229C48DB1F9BFE45006AE32C /* POSLineItem.swift */; };
		229C48E71F9BFE45006AE32C /* POSDiscount.swift in Sources */ = {isa = PBXBuildFile; fileRef = 229C48DC1F9BFE45006AE32C /* POSDiscount.swift */; };
		229C48E81F9BFE45006AE32C /* POSExchange.swift in Sources */ = {isa = PBXBuildFile; fileRef = 229C48DD1F9BFE45006AE32C /* POSExchange.swift */; };
		229C48EA1F9BFEB0006AE32C /* CurrencyUtils.swift in Sources */ = {isa = PBXBuildFile; fileRef = 229C48E91F9BFEB0006AE32C /* CurrencyUtils.swift */; };
		22CEBE141F9C6F56008C7976 /* MapViewController.swift in Sources */ = {isa = PBXBuildFile; fileRef = 22CEBE131F9C6F56008C7976 /* MapViewController.swift */; };
		22CEBE161F9C6F82008C7976 /* MapKit.framework in Frameworks */ = {isa = PBXBuildFile; fileRef = 22CEBE151F9C6F82008C7976 /* MapKit.framework */; };
		22CEBE351F9C9220008C7976 /* dosis in Resources */ = {isa = PBXBuildFile; fileRef = 22CEBE341F9C9220008C7976 /* dosis */; };
		22CEBE381F9C924A008C7976 /* Dosis-Bold.otf in Resources */ = {isa = PBXBuildFile; fileRef = 22CEBE361F9C9242008C7976 /* Dosis-Bold.otf */; };
		22CEBE3C1F9C9C02008C7976 /* MenuViewController.swift in Sources */ = {isa = PBXBuildFile; fileRef = 22CEBE3B1F9C9C02008C7976 /* MenuViewController.swift */; };
		22CEBE3E1F9C9CA8008C7976 /* MenuTableViewCell.swift in Sources */ = {isa = PBXBuildFile; fileRef = 22CEBE3D1F9C9CA8008C7976 /* MenuTableViewCell.swift */; };
		22CEBE401F9C9F03008C7976 /* Menu.swift in Sources */ = {isa = PBXBuildFile; fileRef = 22CEBE3F1F9C9F03008C7976 /* Menu.swift */; };
		22F0C65B1F9BCF9F00845869 /* PaymentViewController.swift in Sources */ = {isa = PBXBuildFile; fileRef = 22F0C65A1F9BCF9F00845869 /* PaymentViewController.swift */; };
		2633561C1F9BFB29002AD30A /* UserFlow.storyboard in Resources */ = {isa = PBXBuildFile; fileRef = 2633561A1F9BFB29002AD30A /* UserFlow.storyboard */; };
		2634A7211F9C2DEF0001E6F0 /* TruckFeedViewController.swift in Sources */ = {isa = PBXBuildFile; fileRef = 2634A7201F9C2DEF0001E6F0 /* TruckFeedViewController.swift */; };
		2634A7231F9C30090001E6F0 /* UIStoryboardSegue+Extension.swift in Sources */ = {isa = PBXBuildFile; fileRef = 2634A7221F9C30090001E6F0 /* UIStoryboardSegue+Extension.swift */; };
		2665F1211F9C0D9900758B07 /* AuthenticationManager.swift in Sources */ = {isa = PBXBuildFile; fileRef = 2665F1201F9C0D9900758B07 /* AuthenticationManager.swift */; };
		2665F1231F9C0E0800758B07 /* FirebaseManager.swift in Sources */ = {isa = PBXBuildFile; fileRef = 2665F1221F9C0E0800758B07 /* FirebaseManager.swift */; };
		2665F1251F9C0E3B00758B07 /* LocationManager.swift in Sources */ = {isa = PBXBuildFile; fileRef = 2665F1241F9C0E3B00758B07 /* LocationManager.swift */; };
		2665F1281F9C0FA500758B07 /* UIVIewController+Extension.swift in Sources */ = {isa = PBXBuildFile; fileRef = 2665F1271F9C0FA500758B07 /* UIVIewController+Extension.swift */; };
		2665F12A1F9C10D200758B07 /* UIColor+Extension.swift in Sources */ = {isa = PBXBuildFile; fileRef = 2665F1291F9C10D200758B07 /* UIColor+Extension.swift */; };
		2665F12E1F9C193C00758B07 /* UIFont+Extension.swift in Sources */ = {isa = PBXBuildFile; fileRef = 2665F12D1F9C193C00758B07 /* UIFont+Extension.swift */; };
		2665F1301F9C19A000758B07 /* Constants.swift in Sources */ = {isa = PBXBuildFile; fileRef = 2665F12F1F9C19A000758B07 /* Constants.swift */; };
		2665F1321F9C1A4A00758B07 /* UIView+Extension.swift in Sources */ = {isa = PBXBuildFile; fileRef = 2665F1311F9C1A4A00758B07 /* UIView+Extension.swift */; };
		2665F1351F9C1F8400758B07 /* GoogleService-Info.plist in Resources */ = {isa = PBXBuildFile; fileRef = 2665F1341F9C1F8400758B07 /* GoogleService-Info.plist */; };
		2665F1371F9C215300758B07 /* SecondViewController.swift in Sources */ = {isa = PBXBuildFile; fileRef = 2665F1361F9C215300758B07 /* SecondViewController.swift */; };
		2665F1391F9C268D00758B07 /* LoginViewController.swift in Sources */ = {isa = PBXBuildFile; fileRef = 2665F1381F9C268D00758B07 /* LoginViewController.swift */; };
		267209A01F9C3D1A00B1ED26 /* BaseImageView.swift in Sources */ = {isa = PBXBuildFile; fileRef = 2672099F1F9C3D1A00B1ED26 /* BaseImageView.swift */; };
		267209A21F9C486F00B1ED26 /* Truck.swift in Sources */ = {isa = PBXBuildFile; fileRef = 267209A11F9C486F00B1ED26 /* Truck.swift */; };
		267209A41F9C4CEF00B1ED26 /* CloverManager.swift in Sources */ = {isa = PBXBuildFile; fileRef = 267209A31F9C4CEF00B1ED26 /* CloverManager.swift */; };
		267209A61F9C5ABB00B1ED26 /* ImageAccess.swift in Sources */ = {isa = PBXBuildFile; fileRef = 267209A51F9C5ABB00B1ED26 /* ImageAccess.swift */; };
		268FCE781F9C3853001CA3E0 /* TruckTableViewCell.swift in Sources */ = {isa = PBXBuildFile; fileRef = 268FCE771F9C3853001CA3E0 /* TruckTableViewCell.swift */; };
		296445EC81618EF16AFD389D /* Pods_fudar_userUITests.framework in Frameworks */ = {isa = PBXBuildFile; fileRef = 782C480331F0E117154EE894 /* Pods_fudar_userUITests.framework */; };
		C7F8B8AABD48435B780296BE /* Pods_fudar_user.framework in Frameworks */ = {isa = PBXBuildFile; fileRef = 4D4C3B2A95E6E6FBC8066FF6 /* Pods_fudar_user.framework */; };
/* End PBXBuildFile section */

/* Begin PBXContainerItemProxy section */
		224A76691F9BC556004AEB3A /* PBXContainerItemProxy */ = {
			isa = PBXContainerItemProxy;
			containerPortal = 224A764A1F9BC556004AEB3A /* Project object */;
			proxyType = 1;
			remoteGlobalIDString = 224A76511F9BC556004AEB3A;
			remoteInfo = "fudar-user";
		};
		224A76741F9BC556004AEB3A /* PBXContainerItemProxy */ = {
			isa = PBXContainerItemProxy;
			containerPortal = 224A764A1F9BC556004AEB3A /* Project object */;
			proxyType = 1;
			remoteGlobalIDString = 224A76511F9BC556004AEB3A;
			remoteInfo = "fudar-user";
		};
/* End PBXContainerItemProxy section */

/* Begin PBXFileReference section */
		22034FFF1F9C1AAF00291AFE /* PurchaseManager.swift */ = {isa = PBXFileReference; lastKnownFileType = sourcecode.swift; path = PurchaseManager.swift; sourceTree = "<group>"; };
		220350011F9C1BA300291AFE /* ReaderManager.swift */ = {isa = PBXFileReference; lastKnownFileType = sourcecode.swift; path = ReaderManager.swift; sourceTree = "<group>"; };
		220350051F9C3E3700291AFE /* OrderManager.swift */ = {isa = PBXFileReference; lastKnownFileType = sourcecode.swift; path = OrderManager.swift; sourceTree = "<group>"; };
		224A76521F9BC556004AEB3A /* fudar-user.app */ = {isa = PBXFileReference; explicitFileType = wrapper.application; includeInIndex = 0; path = "fudar-user.app"; sourceTree = BUILT_PRODUCTS_DIR; };
		224A76551F9BC556004AEB3A /* AppDelegate.swift */ = {isa = PBXFileReference; lastKnownFileType = sourcecode.swift; path = AppDelegate.swift; sourceTree = "<group>"; };
		224A76571F9BC556004AEB3A /* FirstViewController.swift */ = {isa = PBXFileReference; lastKnownFileType = sourcecode.swift; name = FirstViewController.swift; path = Controllers/FirstViewController.swift; sourceTree = "<group>"; };
		224A765C1F9BC556004AEB3A /* Base */ = {isa = PBXFileReference; lastKnownFileType = file.storyboard; name = Base; path = Base.lproj/Main.storyboard; sourceTree = "<group>"; };
		224A765E1F9BC556004AEB3A /* Assets.xcassets */ = {isa = PBXFileReference; lastKnownFileType = folder.assetcatalog; path = Assets.xcassets; sourceTree = "<group>"; };
		224A76611F9BC556004AEB3A /* Base */ = {isa = PBXFileReference; lastKnownFileType = file.storyboard; name = Base; path = Base.lproj/LaunchScreen.storyboard; sourceTree = "<group>"; };
		224A76631F9BC556004AEB3A /* Info.plist */ = {isa = PBXFileReference; lastKnownFileType = text.plist.xml; path = Info.plist; sourceTree = "<group>"; };
		224A76681F9BC556004AEB3A /* fudar-userTests.xctest */ = {isa = PBXFileReference; explicitFileType = wrapper.cfbundle; includeInIndex = 0; path = "fudar-userTests.xctest"; sourceTree = BUILT_PRODUCTS_DIR; };
		224A766C1F9BC556004AEB3A /* fudar_userTests.swift */ = {isa = PBXFileReference; lastKnownFileType = sourcecode.swift; path = fudar_userTests.swift; sourceTree = "<group>"; };
		224A766E1F9BC556004AEB3A /* Info.plist */ = {isa = PBXFileReference; lastKnownFileType = text.plist.xml; path = Info.plist; sourceTree = "<group>"; };
		224A76731F9BC556004AEB3A /* fudar-userUITests.xctest */ = {isa = PBXFileReference; explicitFileType = wrapper.cfbundle; includeInIndex = 0; path = "fudar-userUITests.xctest"; sourceTree = BUILT_PRODUCTS_DIR; };
		224A76771F9BC556004AEB3A /* fudar_userUITests.swift */ = {isa = PBXFileReference; lastKnownFileType = sourcecode.swift; path = fudar_userUITests.swift; sourceTree = "<group>"; };
		224A76791F9BC556004AEB3A /* Info.plist */ = {isa = PBXFileReference; lastKnownFileType = text.plist.xml; path = Info.plist; sourceTree = "<group>"; };
		229C48B41F9BFC93006AE32C /* CloverGoConnectorListener.swift */ = {isa = PBXFileReference; fileEncoding = 4; lastKnownFileType = sourcecode.swift; path = CloverGoConnectorListener.swift; sourceTree = "<group>"; };
		229C48B51F9BFC93006AE32C /* CloverConnectorListener.swift */ = {isa = PBXFileReference; fileEncoding = 4; lastKnownFileType = sourcecode.swift; path = CloverConnectorListener.swift; sourceTree = "<group>"; };
		229C48B61F9BFC93006AE32C /* Utility.swift */ = {isa = PBXFileReference; fileEncoding = 4; lastKnownFileType = sourcecode.swift; path = Utility.swift; sourceTree = "<group>"; };
		229C48D31F9BFE44006AE32C /* POSItem.swift */ = {isa = PBXFileReference; fileEncoding = 4; lastKnownFileType = sourcecode.swift; path = POSItem.swift; sourceTree = "<group>"; };
		229C48D41F9BFE44006AE32C /* POSOrderItem.swift */ = {isa = PBXFileReference; fileEncoding = 4; lastKnownFileType = sourcecode.swift; path = POSOrderItem.swift; sourceTree = "<group>"; };
		229C48D51F9BFE44006AE32C /* POSRefund.swift */ = {isa = PBXFileReference; fileEncoding = 4; lastKnownFileType = sourcecode.swift; path = POSRefund.swift; sourceTree = "<group>"; };
		229C48D61F9BFE45006AE32C /* POSPayment.swift */ = {isa = PBXFileReference; fileEncoding = 4; lastKnownFileType = sourcecode.swift; path = POSPayment.swift; sourceTree = "<group>"; };
		229C48D71F9BFE45006AE32C /* POSStore.swift */ = {isa = PBXFileReference; fileEncoding = 4; lastKnownFileType = sourcecode.swift; path = POSStore.swift; sourceTree = "<group>"; };
		229C48D81F9BFE45006AE32C /* POSNakedRefund.swift */ = {isa = PBXFileReference; fileEncoding = 4; lastKnownFileType = sourcecode.swift; path = POSNakedRefund.swift; sourceTree = "<group>"; };
		229C48D91F9BFE45006AE32C /* POSCard.swift */ = {isa = PBXFileReference; fileEncoding = 4; lastKnownFileType = sourcecode.swift; path = POSCard.swift; sourceTree = "<group>"; };
		229C48DA1F9BFE45006AE32C /* POSOrder.swift */ = {isa = PBXFileReference; fileEncoding = 4; lastKnownFileType = sourcecode.swift; path = POSOrder.swift; sourceTree = "<group>"; };
		229C48DB1F9BFE45006AE32C /* POSLineItem.swift */ = {isa = PBXFileReference; fileEncoding = 4; lastKnownFileType = sourcecode.swift; path = POSLineItem.swift; sourceTree = "<group>"; };
		229C48DC1F9BFE45006AE32C /* POSDiscount.swift */ = {isa = PBXFileReference; fileEncoding = 4; lastKnownFileType = sourcecode.swift; path = POSDiscount.swift; sourceTree = "<group>"; };
		229C48DD1F9BFE45006AE32C /* POSExchange.swift */ = {isa = PBXFileReference; fileEncoding = 4; lastKnownFileType = sourcecode.swift; path = POSExchange.swift; sourceTree = "<group>"; };
		229C48E91F9BFEB0006AE32C /* CurrencyUtils.swift */ = {isa = PBXFileReference; fileEncoding = 4; lastKnownFileType = sourcecode.swift; path = CurrencyUtils.swift; sourceTree = "<group>"; };
		22CEBE131F9C6F56008C7976 /* MapViewController.swift */ = {isa = PBXFileReference; lastKnownFileType = sourcecode.swift; path = MapViewController.swift; sourceTree = "<group>"; };
		22CEBE151F9C6F82008C7976 /* MapKit.framework */ = {isa = PBXFileReference; lastKnownFileType = wrapper.framework; name = MapKit.framework; path = System/Library/Frameworks/MapKit.framework; sourceTree = SDKROOT; };
		22CEBE341F9C9220008C7976 /* dosis */ = {isa = PBXFileReference; lastKnownFileType = folder; path = dosis; sourceTree = "<group>"; };
		22CEBE361F9C9242008C7976 /* Dosis-Bold.otf */ = {isa = PBXFileReference; lastKnownFileType = file; name = "Dosis-Bold.otf"; path = "fudar-user/dosis/Dosis-Bold.otf"; sourceTree = "<group>"; };
		22CEBE391F9C9255008C7976 /* Dosis-Light.otf */ = {isa = PBXFileReference; lastKnownFileType = file; path = "Dosis-Light.otf"; sourceTree = "<group>"; };
		22CEBE3A1F9C9259008C7976 /* Dosis-Regular.otf */ = {isa = PBXFileReference; lastKnownFileType = file; path = "Dosis-Regular.otf"; sourceTree = "<group>"; };
		22CEBE3B1F9C9C02008C7976 /* MenuViewController.swift */ = {isa = PBXFileReference; lastKnownFileType = sourcecode.swift; path = MenuViewController.swift; sourceTree = "<group>"; };
		22CEBE3D1F9C9CA8008C7976 /* MenuTableViewCell.swift */ = {isa = PBXFileReference; lastKnownFileType = sourcecode.swift; path = MenuTableViewCell.swift; sourceTree = "<group>"; };
		22CEBE3F1F9C9F03008C7976 /* Menu.swift */ = {isa = PBXFileReference; lastKnownFileType = sourcecode.swift; path = Menu.swift; sourceTree = "<group>"; };
		22F0C65A1F9BCF9F00845869 /* PaymentViewController.swift */ = {isa = PBXFileReference; lastKnownFileType = sourcecode.swift; path = PaymentViewController.swift; sourceTree = "<group>"; };
		2633561B1F9BFB29002AD30A /* Base */ = {isa = PBXFileReference; lastKnownFileType = file.storyboard; name = Base; path = Base.lproj/UserFlow.storyboard; sourceTree = "<group>"; };
		2634A7201F9C2DEF0001E6F0 /* TruckFeedViewController.swift */ = {isa = PBXFileReference; lastKnownFileType = sourcecode.swift; name = TruckFeedViewController.swift; path = "fudar-user/Controllers/TruckFeedViewController.swift"; sourceTree = SOURCE_ROOT; };
		2634A7221F9C30090001E6F0 /* UIStoryboardSegue+Extension.swift */ = {isa = PBXFileReference; lastKnownFileType = sourcecode.swift; path = "UIStoryboardSegue+Extension.swift"; sourceTree = "<group>"; };
		2665F1201F9C0D9900758B07 /* AuthenticationManager.swift */ = {isa = PBXFileReference; lastKnownFileType = sourcecode.swift; path = AuthenticationManager.swift; sourceTree = "<group>"; };
		2665F1221F9C0E0800758B07 /* FirebaseManager.swift */ = {isa = PBXFileReference; lastKnownFileType = sourcecode.swift; path = FirebaseManager.swift; sourceTree = "<group>"; };
		2665F1241F9C0E3B00758B07 /* LocationManager.swift */ = {isa = PBXFileReference; lastKnownFileType = sourcecode.swift; path = LocationManager.swift; sourceTree = "<group>"; };
		2665F1271F9C0FA500758B07 /* UIVIewController+Extension.swift */ = {isa = PBXFileReference; lastKnownFileType = sourcecode.swift; path = "UIVIewController+Extension.swift"; sourceTree = "<group>"; };
		2665F1291F9C10D200758B07 /* UIColor+Extension.swift */ = {isa = PBXFileReference; lastKnownFileType = sourcecode.swift; path = "UIColor+Extension.swift"; sourceTree = "<group>"; };
		2665F12D1F9C193C00758B07 /* UIFont+Extension.swift */ = {isa = PBXFileReference; lastKnownFileType = sourcecode.swift; path = "UIFont+Extension.swift"; sourceTree = "<group>"; };
		2665F12F1F9C19A000758B07 /* Constants.swift */ = {isa = PBXFileReference; lastKnownFileType = sourcecode.swift; path = Constants.swift; sourceTree = "<group>"; };
		2665F1311F9C1A4A00758B07 /* UIView+Extension.swift */ = {isa = PBXFileReference; lastKnownFileType = sourcecode.swift; path = "UIView+Extension.swift"; sourceTree = "<group>"; };
		2665F1341F9C1F8400758B07 /* GoogleService-Info.plist */ = {isa = PBXFileReference; fileEncoding = 4; lastKnownFileType = text.plist.xml; path = "GoogleService-Info.plist"; sourceTree = "<group>"; };
		2665F1361F9C215300758B07 /* SecondViewController.swift */ = {isa = PBXFileReference; lastKnownFileType = sourcecode.swift; name = SecondViewController.swift; path = Controllers/SecondViewController.swift; sourceTree = "<group>"; };
		2665F1381F9C268D00758B07 /* LoginViewController.swift */ = {isa = PBXFileReference; lastKnownFileType = sourcecode.swift; path = LoginViewController.swift; sourceTree = "<group>"; };
		2672099F1F9C3D1A00B1ED26 /* BaseImageView.swift */ = {isa = PBXFileReference; lastKnownFileType = sourcecode.swift; path = BaseImageView.swift; sourceTree = "<group>"; };
		267209A11F9C486F00B1ED26 /* Truck.swift */ = {isa = PBXFileReference; lastKnownFileType = sourcecode.swift; path = Truck.swift; sourceTree = "<group>"; };
		267209A31F9C4CEF00B1ED26 /* CloverManager.swift */ = {isa = PBXFileReference; lastKnownFileType = sourcecode.swift; path = CloverManager.swift; sourceTree = "<group>"; };
		267209A51F9C5ABB00B1ED26 /* ImageAccess.swift */ = {isa = PBXFileReference; lastKnownFileType = sourcecode.swift; path = ImageAccess.swift; sourceTree = "<group>"; };
		268FCE771F9C3853001CA3E0 /* TruckTableViewCell.swift */ = {isa = PBXFileReference; lastKnownFileType = sourcecode.swift; path = TruckTableViewCell.swift; sourceTree = "<group>"; };
		373080FC4C5CCDE44A7C7675 /* Pods-fudar-userTests.debug.xcconfig */ = {isa = PBXFileReference; includeInIndex = 1; lastKnownFileType = text.xcconfig; name = "Pods-fudar-userTests.debug.xcconfig"; path = "Pods/Target Support Files/Pods-fudar-userTests/Pods-fudar-userTests.debug.xcconfig"; sourceTree = "<group>"; };
		3BA36A52CF643EFBA41CEF39 /* Pods_fudar_userTests.framework */ = {isa = PBXFileReference; explicitFileType = wrapper.framework; includeInIndex = 0; path = Pods_fudar_userTests.framework; sourceTree = BUILT_PRODUCTS_DIR; };
		4D4C3B2A95E6E6FBC8066FF6 /* Pods_fudar_user.framework */ = {isa = PBXFileReference; explicitFileType = wrapper.framework; includeInIndex = 0; path = Pods_fudar_user.framework; sourceTree = BUILT_PRODUCTS_DIR; };
		55F4A4319CDCF69E3B698F30 /* Pods-fudar-userUITests.release.xcconfig */ = {isa = PBXFileReference; includeInIndex = 1; lastKnownFileType = text.xcconfig; name = "Pods-fudar-userUITests.release.xcconfig"; path = "Pods/Target Support Files/Pods-fudar-userUITests/Pods-fudar-userUITests.release.xcconfig"; sourceTree = "<group>"; };
		5676620A6A6E56C10751498B /* Pods-fudar-user.debug.xcconfig */ = {isa = PBXFileReference; includeInIndex = 1; lastKnownFileType = text.xcconfig; name = "Pods-fudar-user.debug.xcconfig"; path = "Pods/Target Support Files/Pods-fudar-user/Pods-fudar-user.debug.xcconfig"; sourceTree = "<group>"; };
		6FF8086E1F9C3E280082F6A8 /* cloverTutorials.md */ = {isa = PBXFileReference; lastKnownFileType = net.daringfireball.markdown; path = cloverTutorials.md; sourceTree = "<group>"; };
		782C480331F0E117154EE894 /* Pods_fudar_userUITests.framework */ = {isa = PBXFileReference; explicitFileType = wrapper.framework; includeInIndex = 0; path = Pods_fudar_userUITests.framework; sourceTree = BUILT_PRODUCTS_DIR; };
		A58405B6BE82C672B17DFE33 /* Pods-fudar-userTests.release.xcconfig */ = {isa = PBXFileReference; includeInIndex = 1; lastKnownFileType = text.xcconfig; name = "Pods-fudar-userTests.release.xcconfig"; path = "Pods/Target Support Files/Pods-fudar-userTests/Pods-fudar-userTests.release.xcconfig"; sourceTree = "<group>"; };
		C4B58B137F3C62A75BB497C7 /* Pods-fudar-userUITests.debug.xcconfig */ = {isa = PBXFileReference; includeInIndex = 1; lastKnownFileType = text.xcconfig; name = "Pods-fudar-userUITests.debug.xcconfig"; path = "Pods/Target Support Files/Pods-fudar-userUITests/Pods-fudar-userUITests.debug.xcconfig"; sourceTree = "<group>"; };
		E4FD5422285CC1B0E097958F /* Pods-fudar-user.release.xcconfig */ = {isa = PBXFileReference; includeInIndex = 1; lastKnownFileType = text.xcconfig; name = "Pods-fudar-user.release.xcconfig"; path = "Pods/Target Support Files/Pods-fudar-user/Pods-fudar-user.release.xcconfig"; sourceTree = "<group>"; };
/* End PBXFileReference section */

/* Begin PBXFrameworksBuildPhase section */
		224A764F1F9BC556004AEB3A /* Frameworks */ = {
			isa = PBXFrameworksBuildPhase;
			buildActionMask = 2147483647;
			files = (
				22CEBE161F9C6F82008C7976 /* MapKit.framework in Frameworks */,
				C7F8B8AABD48435B780296BE /* Pods_fudar_user.framework in Frameworks */,
			);
			runOnlyForDeploymentPostprocessing = 0;
		};
		224A76651F9BC556004AEB3A /* Frameworks */ = {
			isa = PBXFrameworksBuildPhase;
			buildActionMask = 2147483647;
			files = (
				0D073A075F07649481215691 /* Pods_fudar_userTests.framework in Frameworks */,
			);
			runOnlyForDeploymentPostprocessing = 0;
		};
		224A76701F9BC556004AEB3A /* Frameworks */ = {
			isa = PBXFrameworksBuildPhase;
			buildActionMask = 2147483647;
			files = (
				296445EC81618EF16AFD389D /* Pods_fudar_userUITests.framework in Frameworks */,
			);
			runOnlyForDeploymentPostprocessing = 0;
		};
/* End PBXFrameworksBuildPhase section */

/* Begin PBXGroup section */
		22034FFE1F9C1A6C00291AFE /* Singletons */ = {
			isa = PBXGroup;
			children = (
				22034FFF1F9C1AAF00291AFE /* PurchaseManager.swift */,
				220350011F9C1BA300291AFE /* ReaderManager.swift */,
				220350051F9C3E3700291AFE /* OrderManager.swift */,
			);
			path = Singletons;
			sourceTree = "<group>";
		};
		224A76491F9BC556004AEB3A = {
			isa = PBXGroup;
			children = (
				22CEBE3A1F9C9259008C7976 /* Dosis-Regular.otf */,
				22CEBE391F9C9255008C7976 /* Dosis-Light.otf */,
				22CEBE361F9C9242008C7976 /* Dosis-Bold.otf */,
				6FF8086E1F9C3E280082F6A8 /* cloverTutorials.md */,
				224A76541F9BC556004AEB3A /* fudar-user */,
				224A766B1F9BC556004AEB3A /* fudar-userTests */,
				224A76761F9BC556004AEB3A /* fudar-userUITests */,
				224A76531F9BC556004AEB3A /* Products */,
				B7ECD1861FEEDF9E29EA5A2A /* Pods */,
				6D12BC0585E75E9B8D39A2D6 /* Frameworks */,
			);
			sourceTree = "<group>";
		};
		224A76531F9BC556004AEB3A /* Products */ = {
			isa = PBXGroup;
			children = (
				224A76521F9BC556004AEB3A /* fudar-user.app */,
				224A76681F9BC556004AEB3A /* fudar-userTests.xctest */,
				224A76731F9BC556004AEB3A /* fudar-userUITests.xctest */,
			);
			name = Products;
			sourceTree = "<group>";
		};
		224A76541F9BC556004AEB3A /* fudar-user */ = {
			isa = PBXGroup;
			children = (
				229C48B01F9BFC8C006AE32C /* Clover */,
				268FCE761F9C382A001CA3E0 /* Subviews */,
				2665F1341F9C1F8400758B07 /* GoogleService-Info.plist */,
				22F0C65C1F9BCFB200845869 /* Storyboards */,
				2665F1261F9C0F8800758B07 /* BaseClasses */,
				2665F11F1F9C0D8800758B07 /* Managers */,
				22F0C6581F9BCF5200845869 /* Controllers */,
				22F0C6571F9BCF4700845869 /* Models */,
				224A76551F9BC556004AEB3A /* AppDelegate.swift */,
				22CEBE341F9C9220008C7976 /* dosis */,
				2665F1361F9C215300758B07 /* SecondViewController.swift */,
				224A76571F9BC556004AEB3A /* FirstViewController.swift */,
				224A765E1F9BC556004AEB3A /* Assets.xcassets */,
				224A76601F9BC556004AEB3A /* LaunchScreen.storyboard */,
				224A76631F9BC556004AEB3A /* Info.plist */,
			);
			path = "fudar-user";
			sourceTree = "<group>";
		};
		224A766B1F9BC556004AEB3A /* fudar-userTests */ = {
			isa = PBXGroup;
			children = (
				224A766C1F9BC556004AEB3A /* fudar_userTests.swift */,
				224A766E1F9BC556004AEB3A /* Info.plist */,
			);
			path = "fudar-userTests";
			sourceTree = "<group>";
		};
		224A76761F9BC556004AEB3A /* fudar-userUITests */ = {
			isa = PBXGroup;
			children = (
				224A76771F9BC556004AEB3A /* fudar_userUITests.swift */,
				224A76791F9BC556004AEB3A /* Info.plist */,
			);
			path = "fudar-userUITests";
			sourceTree = "<group>";
		};
		229C48B01F9BFC8C006AE32C /* Clover */ = {
			isa = PBXGroup;
			children = (
				229C48B51F9BFC93006AE32C /* CloverConnectorListener.swift */,
				229C48B41F9BFC93006AE32C /* CloverGoConnectorListener.swift */,
				229C48E91F9BFEB0006AE32C /* CurrencyUtils.swift */,
				229C48B61F9BFC93006AE32C /* Utility.swift */,
			);
			path = Clover;
			sourceTree = "<group>";
		};
		22F0C6571F9BCF4700845869 /* Models */ = {
			isa = PBXGroup;
			children = (
				22034FFE1F9C1A6C00291AFE /* Singletons */,
				229C48D91F9BFE45006AE32C /* POSCard.swift */,
				229C48DC1F9BFE45006AE32C /* POSDiscount.swift */,
				229C48DD1F9BFE45006AE32C /* POSExchange.swift */,
				229C48D31F9BFE44006AE32C /* POSItem.swift */,
				229C48DB1F9BFE45006AE32C /* POSLineItem.swift */,
				229C48D81F9BFE45006AE32C /* POSNakedRefund.swift */,
				229C48DA1F9BFE45006AE32C /* POSOrder.swift */,
				229C48D41F9BFE44006AE32C /* POSOrderItem.swift */,
				229C48D61F9BFE45006AE32C /* POSPayment.swift */,
				229C48D51F9BFE44006AE32C /* POSRefund.swift */,
				229C48D71F9BFE45006AE32C /* POSStore.swift */,
				267209A11F9C486F00B1ED26 /* Truck.swift */,
				22CEBE3F1F9C9F03008C7976 /* Menu.swift */,
			);
			path = Models;
			sourceTree = "<group>";
		};
		22F0C6581F9BCF5200845869 /* Controllers */ = {
			isa = PBXGroup;
			children = (
				22F0C65A1F9BCF9F00845869 /* PaymentViewController.swift */,
				2665F1381F9C268D00758B07 /* LoginViewController.swift */,
				2634A7201F9C2DEF0001E6F0 /* TruckFeedViewController.swift */,
				22CEBE131F9C6F56008C7976 /* MapViewController.swift */,
				22CEBE3B1F9C9C02008C7976 /* MenuViewController.swift */,
			);
			path = Controllers;
			sourceTree = "<group>";
		};
		22F0C65C1F9BCFB200845869 /* Storyboards */ = {
			isa = PBXGroup;
			children = (
				224A765B1F9BC556004AEB3A /* Main.storyboard */,
				2633561A1F9BFB29002AD30A /* UserFlow.storyboard */,
			);
			path = Storyboards;
			sourceTree = "<group>";
		};
		2665F11F1F9C0D8800758B07 /* Managers */ = {
			isa = PBXGroup;
			children = (
				2665F1201F9C0D9900758B07 /* AuthenticationManager.swift */,
				2665F1221F9C0E0800758B07 /* FirebaseManager.swift */,
				2665F1241F9C0E3B00758B07 /* LocationManager.swift */,
				267209A31F9C4CEF00B1ED26 /* CloverManager.swift */,
			);
			path = Managers;
			sourceTree = "<group>";
		};
		2665F1261F9C0F8800758B07 /* BaseClasses */ = {
			isa = PBXGroup;
			children = (
				2665F1271F9C0FA500758B07 /* UIVIewController+Extension.swift */,
				2665F12D1F9C193C00758B07 /* UIFont+Extension.swift */,
				2665F1291F9C10D200758B07 /* UIColor+Extension.swift */,
				2665F12F1F9C19A000758B07 /* Constants.swift */,
				2665F1311F9C1A4A00758B07 /* UIView+Extension.swift */,
				2634A7221F9C30090001E6F0 /* UIStoryboardSegue+Extension.swift */,
				2672099F1F9C3D1A00B1ED26 /* BaseImageView.swift */,
				267209A51F9C5ABB00B1ED26 /* ImageAccess.swift */,
			);
			path = BaseClasses;
			sourceTree = "<group>";
		};
		268FCE761F9C382A001CA3E0 /* Subviews */ = {
			isa = PBXGroup;
			children = (
				268FCE771F9C3853001CA3E0 /* TruckTableViewCell.swift */,
				22CEBE3D1F9C9CA8008C7976 /* MenuTableViewCell.swift */,
			);
			path = Subviews;
			sourceTree = "<group>";
		};
		6D12BC0585E75E9B8D39A2D6 /* Frameworks */ = {
			isa = PBXGroup;
			children = (
				22CEBE151F9C6F82008C7976 /* MapKit.framework */,
				4D4C3B2A95E6E6FBC8066FF6 /* Pods_fudar_user.framework */,
				3BA36A52CF643EFBA41CEF39 /* Pods_fudar_userTests.framework */,
				782C480331F0E117154EE894 /* Pods_fudar_userUITests.framework */,
			);
			name = Frameworks;
			sourceTree = "<group>";
		};
		B7ECD1861FEEDF9E29EA5A2A /* Pods */ = {
			isa = PBXGroup;
			children = (
				5676620A6A6E56C10751498B /* Pods-fudar-user.debug.xcconfig */,
				E4FD5422285CC1B0E097958F /* Pods-fudar-user.release.xcconfig */,
				373080FC4C5CCDE44A7C7675 /* Pods-fudar-userTests.debug.xcconfig */,
				A58405B6BE82C672B17DFE33 /* Pods-fudar-userTests.release.xcconfig */,
				C4B58B137F3C62A75BB497C7 /* Pods-fudar-userUITests.debug.xcconfig */,
				55F4A4319CDCF69E3B698F30 /* Pods-fudar-userUITests.release.xcconfig */,
			);
			name = Pods;
			sourceTree = "<group>";
		};
/* End PBXGroup section */

/* Begin PBXNativeTarget section */
		224A76511F9BC556004AEB3A /* fudar-user */ = {
			isa = PBXNativeTarget;
			buildConfigurationList = 224A767C1F9BC556004AEB3A /* Build configuration list for PBXNativeTarget "fudar-user" */;
			buildPhases = (
				66DE50DD2AA99DCD93598794 /* [CP] Check Pods Manifest.lock */,
				224A764E1F9BC556004AEB3A /* Sources */,
				224A764F1F9BC556004AEB3A /* Frameworks */,
				224A76501F9BC556004AEB3A /* Resources */,
				F89074EE3E90E4B3E55A7404 /* [CP] Embed Pods Frameworks */,
				E408051C5524A7731D7FC76C /* [CP] Copy Pods Resources */,
			);
			buildRules = (
			);
			dependencies = (
			);
			name = "fudar-user";
			productName = "fudar-user";
			productReference = 224A76521F9BC556004AEB3A /* fudar-user.app */;
			productType = "com.apple.product-type.application";
		};
		224A76671F9BC556004AEB3A /* fudar-userTests */ = {
			isa = PBXNativeTarget;
			buildConfigurationList = 224A767F1F9BC556004AEB3A /* Build configuration list for PBXNativeTarget "fudar-userTests" */;
			buildPhases = (
				2DFD2A5D1CF979A42C348E49 /* [CP] Check Pods Manifest.lock */,
				224A76641F9BC556004AEB3A /* Sources */,
				224A76651F9BC556004AEB3A /* Frameworks */,
				224A76661F9BC556004AEB3A /* Resources */,
				14AF07292A85A227B6D3B811 /* [CP] Embed Pods Frameworks */,
				D1FB5FD62868EF75B79E6A4B /* [CP] Copy Pods Resources */,
			);
			buildRules = (
			);
			dependencies = (
				224A766A1F9BC556004AEB3A /* PBXTargetDependency */,
			);
			name = "fudar-userTests";
			productName = "fudar-userTests";
			productReference = 224A76681F9BC556004AEB3A /* fudar-userTests.xctest */;
			productType = "com.apple.product-type.bundle.unit-test";
		};
		224A76721F9BC556004AEB3A /* fudar-userUITests */ = {
			isa = PBXNativeTarget;
			buildConfigurationList = 224A76821F9BC556004AEB3A /* Build configuration list for PBXNativeTarget "fudar-userUITests" */;
			buildPhases = (
				3C1D8FA80DB9BA6D305A26D1 /* [CP] Check Pods Manifest.lock */,
				224A766F1F9BC556004AEB3A /* Sources */,
				224A76701F9BC556004AEB3A /* Frameworks */,
				224A76711F9BC556004AEB3A /* Resources */,
				844024E44BEA0F54D2F2A9C0 /* [CP] Embed Pods Frameworks */,
				6039C419AA500DEAF427C16A /* [CP] Copy Pods Resources */,
			);
			buildRules = (
			);
			dependencies = (
				224A76751F9BC556004AEB3A /* PBXTargetDependency */,
			);
			name = "fudar-userUITests";
			productName = "fudar-userUITests";
			productReference = 224A76731F9BC556004AEB3A /* fudar-userUITests.xctest */;
			productType = "com.apple.product-type.bundle.ui-testing";
		};
/* End PBXNativeTarget section */

/* Begin PBXProject section */
		224A764A1F9BC556004AEB3A /* Project object */ = {
			isa = PBXProject;
			attributes = {
				LastSwiftUpdateCheck = 0900;
				LastUpgradeCheck = 0900;
				ORGANIZATIONNAME = silverlogic;
				TargetAttributes = {
					224A76511F9BC556004AEB3A = {
						CreatedOnToolsVersion = 9.0.1;
						ProvisioningStyle = Automatic;
						SystemCapabilities = {
							com.apple.Maps.iOS = {
								enabled = 1;
							};
						};
					};
					224A76671F9BC556004AEB3A = {
						CreatedOnToolsVersion = 9.0.1;
						ProvisioningStyle = Automatic;
						TestTargetID = 224A76511F9BC556004AEB3A;
					};
					224A76721F9BC556004AEB3A = {
						CreatedOnToolsVersion = 9.0.1;
						ProvisioningStyle = Automatic;
						TestTargetID = 224A76511F9BC556004AEB3A;
					};
				};
			};
			buildConfigurationList = 224A764D1F9BC556004AEB3A /* Build configuration list for PBXProject "fudar-user" */;
			compatibilityVersion = "Xcode 8.0";
			developmentRegion = en;
			hasScannedForEncodings = 0;
			knownRegions = (
				en,
				Base,
			);
			mainGroup = 224A76491F9BC556004AEB3A;
			productRefGroup = 224A76531F9BC556004AEB3A /* Products */;
			projectDirPath = "";
			projectRoot = "";
			targets = (
				224A76511F9BC556004AEB3A /* fudar-user */,
				224A76671F9BC556004AEB3A /* fudar-userTests */,
				224A76721F9BC556004AEB3A /* fudar-userUITests */,
			);
		};
/* End PBXProject section */

/* Begin PBXResourcesBuildPhase section */
		224A76501F9BC556004AEB3A /* Resources */ = {
			isa = PBXResourcesBuildPhase;
			buildActionMask = 2147483647;
			files = (
				22CEBE381F9C924A008C7976 /* Dosis-Bold.otf in Resources */,
				2665F1351F9C1F8400758B07 /* GoogleService-Info.plist in Resources */,
				224A76621F9BC556004AEB3A /* LaunchScreen.storyboard in Resources */,
				2633561C1F9BFB29002AD30A /* UserFlow.storyboard in Resources */,
				22CEBE351F9C9220008C7976 /* dosis in Resources */,
				224A765F1F9BC556004AEB3A /* Assets.xcassets in Resources */,
				224A765D1F9BC556004AEB3A /* Main.storyboard in Resources */,
			);
			runOnlyForDeploymentPostprocessing = 0;
		};
		224A76661F9BC556004AEB3A /* Resources */ = {
			isa = PBXResourcesBuildPhase;
			buildActionMask = 2147483647;
			files = (
			);
			runOnlyForDeploymentPostprocessing = 0;
		};
		224A76711F9BC556004AEB3A /* Resources */ = {
			isa = PBXResourcesBuildPhase;
			buildActionMask = 2147483647;
			files = (
			);
			runOnlyForDeploymentPostprocessing = 0;
		};
/* End PBXResourcesBuildPhase section */

/* Begin PBXShellScriptBuildPhase section */
		14AF07292A85A227B6D3B811 /* [CP] Embed Pods Frameworks */ = {
			isa = PBXShellScriptBuildPhase;
			buildActionMask = 2147483647;
			files = (
			);
			inputPaths = (
			);
			name = "[CP] Embed Pods Frameworks";
			outputPaths = (
			);
			runOnlyForDeploymentPostprocessing = 0;
			shellPath = /bin/sh;
			shellScript = "\"${SRCROOT}/Pods/Target Support Files/Pods-fudar-userTests/Pods-fudar-userTests-frameworks.sh\"\n";
			showEnvVarsInLog = 0;
		};
		2DFD2A5D1CF979A42C348E49 /* [CP] Check Pods Manifest.lock */ = {
			isa = PBXShellScriptBuildPhase;
			buildActionMask = 2147483647;
			files = (
			);
			inputPaths = (
				"${PODS_PODFILE_DIR_PATH}/Podfile.lock",
				"${PODS_ROOT}/Manifest.lock",
			);
			name = "[CP] Check Pods Manifest.lock";
			outputPaths = (
				"$(DERIVED_FILE_DIR)/Pods-fudar-userTests-checkManifestLockResult.txt",
			);
			runOnlyForDeploymentPostprocessing = 0;
			shellPath = /bin/sh;
			shellScript = "diff \"${PODS_PODFILE_DIR_PATH}/Podfile.lock\" \"${PODS_ROOT}/Manifest.lock\" > /dev/null\nif [ $? != 0 ] ; then\n    # print error to STDERR\n    echo \"error: The sandbox is not in sync with the Podfile.lock. Run 'pod install' or update your CocoaPods installation.\" >&2\n    exit 1\nfi\n# This output is used by Xcode 'outputs' to avoid re-running this script phase.\necho \"SUCCESS\" > \"${SCRIPT_OUTPUT_FILE_0}\"\n";
			showEnvVarsInLog = 0;
		};
		3C1D8FA80DB9BA6D305A26D1 /* [CP] Check Pods Manifest.lock */ = {
			isa = PBXShellScriptBuildPhase;
			buildActionMask = 2147483647;
			files = (
			);
			inputPaths = (
				"${PODS_PODFILE_DIR_PATH}/Podfile.lock",
				"${PODS_ROOT}/Manifest.lock",
			);
			name = "[CP] Check Pods Manifest.lock";
			outputPaths = (
				"$(DERIVED_FILE_DIR)/Pods-fudar-userUITests-checkManifestLockResult.txt",
			);
			runOnlyForDeploymentPostprocessing = 0;
			shellPath = /bin/sh;
			shellScript = "diff \"${PODS_PODFILE_DIR_PATH}/Podfile.lock\" \"${PODS_ROOT}/Manifest.lock\" > /dev/null\nif [ $? != 0 ] ; then\n    # print error to STDERR\n    echo \"error: The sandbox is not in sync with the Podfile.lock. Run 'pod install' or update your CocoaPods installation.\" >&2\n    exit 1\nfi\n# This output is used by Xcode 'outputs' to avoid re-running this script phase.\necho \"SUCCESS\" > \"${SCRIPT_OUTPUT_FILE_0}\"\n";
			showEnvVarsInLog = 0;
		};
		6039C419AA500DEAF427C16A /* [CP] Copy Pods Resources */ = {
			isa = PBXShellScriptBuildPhase;
			buildActionMask = 2147483647;
			files = (
			);
			inputPaths = (
			);
			name = "[CP] Copy Pods Resources";
			outputPaths = (
			);
			runOnlyForDeploymentPostprocessing = 0;
			shellPath = /bin/sh;
			shellScript = "\"${SRCROOT}/Pods/Target Support Files/Pods-fudar-userUITests/Pods-fudar-userUITests-resources.sh\"\n";
			showEnvVarsInLog = 0;
		};
		66DE50DD2AA99DCD93598794 /* [CP] Check Pods Manifest.lock */ = {
			isa = PBXShellScriptBuildPhase;
			buildActionMask = 2147483647;
			files = (
			);
			inputPaths = (
				"${PODS_PODFILE_DIR_PATH}/Podfile.lock",
				"${PODS_ROOT}/Manifest.lock",
			);
			name = "[CP] Check Pods Manifest.lock";
			outputPaths = (
				"$(DERIVED_FILE_DIR)/Pods-fudar-user-checkManifestLockResult.txt",
			);
			runOnlyForDeploymentPostprocessing = 0;
			shellPath = /bin/sh;
			shellScript = "diff \"${PODS_PODFILE_DIR_PATH}/Podfile.lock\" \"${PODS_ROOT}/Manifest.lock\" > /dev/null\nif [ $? != 0 ] ; then\n    # print error to STDERR\n    echo \"error: The sandbox is not in sync with the Podfile.lock. Run 'pod install' or update your CocoaPods installation.\" >&2\n    exit 1\nfi\n# This output is used by Xcode 'outputs' to avoid re-running this script phase.\necho \"SUCCESS\" > \"${SCRIPT_OUTPUT_FILE_0}\"\n";
			showEnvVarsInLog = 0;
		};
		844024E44BEA0F54D2F2A9C0 /* [CP] Embed Pods Frameworks */ = {
			isa = PBXShellScriptBuildPhase;
			buildActionMask = 2147483647;
			files = (
			);
			inputPaths = (
			);
			name = "[CP] Embed Pods Frameworks";
			outputPaths = (
			);
			runOnlyForDeploymentPostprocessing = 0;
			shellPath = /bin/sh;
			shellScript = "\"${SRCROOT}/Pods/Target Support Files/Pods-fudar-userUITests/Pods-fudar-userUITests-frameworks.sh\"\n";
			showEnvVarsInLog = 0;
		};
		D1FB5FD62868EF75B79E6A4B /* [CP] Copy Pods Resources */ = {
			isa = PBXShellScriptBuildPhase;
			buildActionMask = 2147483647;
			files = (
			);
			inputPaths = (
			);
			name = "[CP] Copy Pods Resources";
			outputPaths = (
			);
			runOnlyForDeploymentPostprocessing = 0;
			shellPath = /bin/sh;
			shellScript = "\"${SRCROOT}/Pods/Target Support Files/Pods-fudar-userTests/Pods-fudar-userTests-resources.sh\"\n";
			showEnvVarsInLog = 0;
		};
		E408051C5524A7731D7FC76C /* [CP] Copy Pods Resources */ = {
			isa = PBXShellScriptBuildPhase;
			buildActionMask = 2147483647;
			files = (
			);
			inputPaths = (
			);
			name = "[CP] Copy Pods Resources";
			outputPaths = (
			);
			runOnlyForDeploymentPostprocessing = 0;
			shellPath = /bin/sh;
			shellScript = "\"${SRCROOT}/Pods/Target Support Files/Pods-fudar-user/Pods-fudar-user-resources.sh\"\n";
			showEnvVarsInLog = 0;
		};
		F89074EE3E90E4B3E55A7404 /* [CP] Embed Pods Frameworks */ = {
			isa = PBXShellScriptBuildPhase;
			buildActionMask = 2147483647;
			files = (
			);
			inputPaths = (
				"${SRCROOT}/Pods/Target Support Files/Pods-fudar-user/Pods-fudar-user-frameworks.sh",
				"${BUILT_PRODUCTS_DIR}/Alamofire/Alamofire.framework",
				"${PODS_ROOT}/CLVGoSDK/clovergoclient.framework",
				"${PODS_ROOT}/CLVGoSDK/CloverGoReaderSDK.framework",
				"${PODS_ROOT}/CLVGoSDK/CloverGoLogger.framework",
				"${BUILT_PRODUCTS_DIR}/CloverConnector-Hackathon-2017/CloverConnector_Hackathon_2017.framework",
				"${BUILT_PRODUCTS_DIR}/GTMSessionFetcher/GTMSessionFetcher.framework",
				"${BUILT_PRODUCTS_DIR}/GoogleToolboxForMac/GoogleToolboxForMac.framework",
				"${BUILT_PRODUCTS_DIR}/IQKeyboardManager/IQKeyboardManager.framework",
				"${BUILT_PRODUCTS_DIR}/JVFloatLabeledTextField/JVFloatLabeledTextField.framework",
				"${BUILT_PRODUCTS_DIR}/KYNavigationProgress/KYNavigationProgress.framework",
				"${BUILT_PRODUCTS_DIR}/Kingfisher/Kingfisher.framework",
				"${BUILT_PRODUCTS_DIR}/ObjectMapper/ObjectMapper.framework",
				"${BUILT_PRODUCTS_DIR}/Realm/Realm.framework",
				"${BUILT_PRODUCTS_DIR}/RealmSwift/RealmSwift.framework",
				"${BUILT_PRODUCTS_DIR}/SCLAlertView/SCLAlertView.framework",
				"${BUILT_PRODUCTS_DIR}/SVProgressHUD/SVProgressHUD.framework",
				"${BUILT_PRODUCTS_DIR}/Starscream/Starscream.framework",
				"${BUILT_PRODUCTS_DIR}/SwiftyJSON/SwiftyJSON.framework",
				"${BUILT_PRODUCTS_DIR}/SwipeCellKit/SwipeCellKit.framework",
				"${BUILT_PRODUCTS_DIR}/leveldb-library/leveldb.framework",
				"${BUILT_PRODUCTS_DIR}/nanopb/nanopb.framework",
			);
			name = "[CP] Embed Pods Frameworks";
			outputPaths = (
				"${TARGET_BUILD_DIR}/${FRAMEWORKS_FOLDER_PATH}/Alamofire.framework",
				"${TARGET_BUILD_DIR}/${FRAMEWORKS_FOLDER_PATH}/clovergoclient.framework",
				"${TARGET_BUILD_DIR}/${FRAMEWORKS_FOLDER_PATH}/CloverGoReaderSDK.framework",
				"${TARGET_BUILD_DIR}/${FRAMEWORKS_FOLDER_PATH}/CloverGoLogger.framework",
				"${TARGET_BUILD_DIR}/${FRAMEWORKS_FOLDER_PATH}/CloverConnector_Hackathon_2017.framework",
				"${TARGET_BUILD_DIR}/${FRAMEWORKS_FOLDER_PATH}/GTMSessionFetcher.framework",
				"${TARGET_BUILD_DIR}/${FRAMEWORKS_FOLDER_PATH}/GoogleToolboxForMac.framework",
				"${TARGET_BUILD_DIR}/${FRAMEWORKS_FOLDER_PATH}/IQKeyboardManager.framework",
				"${TARGET_BUILD_DIR}/${FRAMEWORKS_FOLDER_PATH}/JVFloatLabeledTextField.framework",
				"${TARGET_BUILD_DIR}/${FRAMEWORKS_FOLDER_PATH}/KYNavigationProgress.framework",
				"${TARGET_BUILD_DIR}/${FRAMEWORKS_FOLDER_PATH}/Kingfisher.framework",
				"${TARGET_BUILD_DIR}/${FRAMEWORKS_FOLDER_PATH}/ObjectMapper.framework",
				"${TARGET_BUILD_DIR}/${FRAMEWORKS_FOLDER_PATH}/Realm.framework",
				"${TARGET_BUILD_DIR}/${FRAMEWORKS_FOLDER_PATH}/RealmSwift.framework",
				"${TARGET_BUILD_DIR}/${FRAMEWORKS_FOLDER_PATH}/SCLAlertView.framework",
				"${TARGET_BUILD_DIR}/${FRAMEWORKS_FOLDER_PATH}/SVProgressHUD.framework",
				"${TARGET_BUILD_DIR}/${FRAMEWORKS_FOLDER_PATH}/Starscream.framework",
				"${TARGET_BUILD_DIR}/${FRAMEWORKS_FOLDER_PATH}/SwiftyJSON.framework",
				"${TARGET_BUILD_DIR}/${FRAMEWORKS_FOLDER_PATH}/SwipeCellKit.framework",
				"${TARGET_BUILD_DIR}/${FRAMEWORKS_FOLDER_PATH}/leveldb.framework",
				"${TARGET_BUILD_DIR}/${FRAMEWORKS_FOLDER_PATH}/nanopb.framework",
			);
			runOnlyForDeploymentPostprocessing = 0;
			shellPath = /bin/sh;
			shellScript = "\"${SRCROOT}/Pods/Target Support Files/Pods-fudar-user/Pods-fudar-user-frameworks.sh\"\n";
			showEnvVarsInLog = 0;
		};
/* End PBXShellScriptBuildPhase section */

/* Begin PBXSourcesBuildPhase section */
		224A764E1F9BC556004AEB3A /* Sources */ = {
			isa = PBXSourcesBuildPhase;
			buildActionMask = 2147483647;
			files = (
				220350061F9C3E3700291AFE /* OrderManager.swift in Sources */,
				229C48E41F9BFE45006AE32C /* POSCard.swift in Sources */,
				22CEBE3E1F9C9CA8008C7976 /* MenuTableViewCell.swift in Sources */,
				229C48E21F9BFE45006AE32C /* POSStore.swift in Sources */,
				229C48BC1F9BFC93006AE32C /* Utility.swift in Sources */,
				229C48DE1F9BFE45006AE32C /* POSItem.swift in Sources */,
				229C48E61F9BFE45006AE32C /* POSLineItem.swift in Sources */,
				229C48DF1F9BFE45006AE32C /* POSOrderItem.swift in Sources */,
				220350021F9C1BA300291AFE /* ReaderManager.swift in Sources */,
				229C48E31F9BFE45006AE32C /* POSNakedRefund.swift in Sources */,
				229C48E71F9BFE45006AE32C /* POSDiscount.swift in Sources */,
				2665F1391F9C268D00758B07 /* LoginViewController.swift in Sources */,
				267209A21F9C486F00B1ED26 /* Truck.swift in Sources */,
				224A76561F9BC556004AEB3A /* AppDelegate.swift in Sources */,
				229C48E11F9BFE45006AE32C /* POSPayment.swift in Sources */,
				229C48BA1F9BFC93006AE32C /* CloverGoConnectorListener.swift in Sources */,
				224A76581F9BC556004AEB3A /* FirstViewController.swift in Sources */,
				229C48E51F9BFE45006AE32C /* POSOrder.swift in Sources */,
				220350001F9C1AAF00291AFE /* PurchaseManager.swift in Sources */,
				229C48BB1F9BFC93006AE32C /* CloverConnectorListener.swift in Sources */,
				229C48E01F9BFE45006AE32C /* POSRefund.swift in Sources */,
				229C48EA1F9BFEB0006AE32C /* CurrencyUtils.swift in Sources */,
				22F0C65B1F9BCF9F00845869 /* PaymentViewController.swift in Sources */,
				229C48E81F9BFE45006AE32C /* POSExchange.swift in Sources */,
				22CEBE141F9C6F56008C7976 /* MapViewController.swift in Sources */,
				2665F1231F9C0E0800758B07 /* FirebaseManager.swift in Sources */,
				2665F1371F9C215300758B07 /* SecondViewController.swift in Sources */,
				2665F1251F9C0E3B00758B07 /* LocationManager.swift in Sources */,
				267209A01F9C3D1A00B1ED26 /* BaseImageView.swift in Sources */,
				2665F12E1F9C193C00758B07 /* UIFont+Extension.swift in Sources */,
				22CEBE401F9C9F03008C7976 /* Menu.swift in Sources */,
				268FCE781F9C3853001CA3E0 /* TruckTableViewCell.swift in Sources */,
				2665F1301F9C19A000758B07 /* Constants.swift in Sources */,
				22CEBE3C1F9C9C02008C7976 /* MenuViewController.swift in Sources */,
				2665F1321F9C1A4A00758B07 /* UIView+Extension.swift in Sources */,
				2634A7211F9C2DEF0001E6F0 /* TruckFeedViewController.swift in Sources */,
				2665F1281F9C0FA500758B07 /* UIVIewController+Extension.swift in Sources */,
				2634A7231F9C30090001E6F0 /* UIStoryboardSegue+Extension.swift in Sources */,
				267209A41F9C4CEF00B1ED26 /* CloverManager.swift in Sources */,
				2665F1211F9C0D9900758B07 /* AuthenticationManager.swift in Sources */,
				2665F12A1F9C10D200758B07 /* UIColor+Extension.swift in Sources */,
				267209A61F9C5ABB00B1ED26 /* ImageAccess.swift in Sources */,
			);
			runOnlyForDeploymentPostprocessing = 0;
		};
		224A76641F9BC556004AEB3A /* Sources */ = {
			isa = PBXSourcesBuildPhase;
			buildActionMask = 2147483647;
			files = (
				224A766D1F9BC556004AEB3A /* fudar_userTests.swift in Sources */,
			);
			runOnlyForDeploymentPostprocessing = 0;
		};
		224A766F1F9BC556004AEB3A /* Sources */ = {
			isa = PBXSourcesBuildPhase;
			buildActionMask = 2147483647;
			files = (
				224A76781F9BC556004AEB3A /* fudar_userUITests.swift in Sources */,
			);
			runOnlyForDeploymentPostprocessing = 0;
		};
/* End PBXSourcesBuildPhase section */

/* Begin PBXTargetDependency section */
		224A766A1F9BC556004AEB3A /* PBXTargetDependency */ = {
			isa = PBXTargetDependency;
			target = 224A76511F9BC556004AEB3A /* fudar-user */;
			targetProxy = 224A76691F9BC556004AEB3A /* PBXContainerItemProxy */;
		};
		224A76751F9BC556004AEB3A /* PBXTargetDependency */ = {
			isa = PBXTargetDependency;
			target = 224A76511F9BC556004AEB3A /* fudar-user */;
			targetProxy = 224A76741F9BC556004AEB3A /* PBXContainerItemProxy */;
		};
/* End PBXTargetDependency section */

/* Begin PBXVariantGroup section */
		224A765B1F9BC556004AEB3A /* Main.storyboard */ = {
			isa = PBXVariantGroup;
			children = (
				224A765C1F9BC556004AEB3A /* Base */,
			);
			name = Main.storyboard;
			sourceTree = "<group>";
		};
		224A76601F9BC556004AEB3A /* LaunchScreen.storyboard */ = {
			isa = PBXVariantGroup;
			children = (
				224A76611F9BC556004AEB3A /* Base */,
			);
			name = LaunchScreen.storyboard;
			sourceTree = "<group>";
		};
		2633561A1F9BFB29002AD30A /* UserFlow.storyboard */ = {
			isa = PBXVariantGroup;
			children = (
				2633561B1F9BFB29002AD30A /* Base */,
			);
			name = UserFlow.storyboard;
			sourceTree = "<group>";
		};
/* End PBXVariantGroup section */

/* Begin XCBuildConfiguration section */
		224A767A1F9BC556004AEB3A /* Debug */ = {
			isa = XCBuildConfiguration;
			buildSettings = {
				ALWAYS_SEARCH_USER_PATHS = NO;
				CLANG_ANALYZER_NONNULL = YES;
				CLANG_ANALYZER_NUMBER_OBJECT_CONVERSION = YES_AGGRESSIVE;
				CLANG_CXX_LANGUAGE_STANDARD = "gnu++14";
				CLANG_CXX_LIBRARY = "libc++";
				CLANG_ENABLE_MODULES = YES;
				CLANG_ENABLE_OBJC_ARC = YES;
				CLANG_WARN_BLOCK_CAPTURE_AUTORELEASING = YES;
				CLANG_WARN_BOOL_CONVERSION = YES;
				CLANG_WARN_COMMA = YES;
				CLANG_WARN_CONSTANT_CONVERSION = YES;
				CLANG_WARN_DIRECT_OBJC_ISA_USAGE = YES_ERROR;
				CLANG_WARN_DOCUMENTATION_COMMENTS = YES;
				CLANG_WARN_EMPTY_BODY = YES;
				CLANG_WARN_ENUM_CONVERSION = YES;
				CLANG_WARN_INFINITE_RECURSION = YES;
				CLANG_WARN_INT_CONVERSION = YES;
				CLANG_WARN_NON_LITERAL_NULL_CONVERSION = YES;
				CLANG_WARN_OBJC_LITERAL_CONVERSION = YES;
				CLANG_WARN_OBJC_ROOT_CLASS = YES_ERROR;
				CLANG_WARN_RANGE_LOOP_ANALYSIS = YES;
				CLANG_WARN_STRICT_PROTOTYPES = YES;
				CLANG_WARN_SUSPICIOUS_MOVE = YES;
				CLANG_WARN_UNGUARDED_AVAILABILITY = YES_AGGRESSIVE;
				CLANG_WARN_UNREACHABLE_CODE = YES;
				CLANG_WARN__DUPLICATE_METHOD_MATCH = YES;
				CODE_SIGN_IDENTITY = "iPhone Developer";
				COPY_PHASE_STRIP = NO;
				DEBUG_INFORMATION_FORMAT = dwarf;
				ENABLE_STRICT_OBJC_MSGSEND = YES;
				ENABLE_TESTABILITY = YES;
				GCC_C_LANGUAGE_STANDARD = gnu11;
				GCC_DYNAMIC_NO_PIC = NO;
				GCC_NO_COMMON_BLOCKS = YES;
				GCC_OPTIMIZATION_LEVEL = 0;
				GCC_PREPROCESSOR_DEFINITIONS = (
					"DEBUG=1",
					"$(inherited)",
				);
				GCC_WARN_64_TO_32_BIT_CONVERSION = YES;
				GCC_WARN_ABOUT_RETURN_TYPE = YES_ERROR;
				GCC_WARN_UNDECLARED_SELECTOR = YES;
				GCC_WARN_UNINITIALIZED_AUTOS = YES_AGGRESSIVE;
				GCC_WARN_UNUSED_FUNCTION = YES;
				GCC_WARN_UNUSED_VARIABLE = YES;
				IPHONEOS_DEPLOYMENT_TARGET = 11.0;
				MTL_ENABLE_DEBUG_INFO = YES;
				ONLY_ACTIVE_ARCH = YES;
				SDKROOT = iphoneos;
				SWIFT_ACTIVE_COMPILATION_CONDITIONS = DEBUG;
				SWIFT_OPTIMIZATION_LEVEL = "-Onone";
			};
			name = Debug;
		};
		224A767B1F9BC556004AEB3A /* Release */ = {
			isa = XCBuildConfiguration;
			buildSettings = {
				ALWAYS_SEARCH_USER_PATHS = NO;
				CLANG_ANALYZER_NONNULL = YES;
				CLANG_ANALYZER_NUMBER_OBJECT_CONVERSION = YES_AGGRESSIVE;
				CLANG_CXX_LANGUAGE_STANDARD = "gnu++14";
				CLANG_CXX_LIBRARY = "libc++";
				CLANG_ENABLE_MODULES = YES;
				CLANG_ENABLE_OBJC_ARC = YES;
				CLANG_WARN_BLOCK_CAPTURE_AUTORELEASING = YES;
				CLANG_WARN_BOOL_CONVERSION = YES;
				CLANG_WARN_COMMA = YES;
				CLANG_WARN_CONSTANT_CONVERSION = YES;
				CLANG_WARN_DIRECT_OBJC_ISA_USAGE = YES_ERROR;
				CLANG_WARN_DOCUMENTATION_COMMENTS = YES;
				CLANG_WARN_EMPTY_BODY = YES;
				CLANG_WARN_ENUM_CONVERSION = YES;
				CLANG_WARN_INFINITE_RECURSION = YES;
				CLANG_WARN_INT_CONVERSION = YES;
				CLANG_WARN_NON_LITERAL_NULL_CONVERSION = YES;
				CLANG_WARN_OBJC_LITERAL_CONVERSION = YES;
				CLANG_WARN_OBJC_ROOT_CLASS = YES_ERROR;
				CLANG_WARN_RANGE_LOOP_ANALYSIS = YES;
				CLANG_WARN_STRICT_PROTOTYPES = YES;
				CLANG_WARN_SUSPICIOUS_MOVE = YES;
				CLANG_WARN_UNGUARDED_AVAILABILITY = YES_AGGRESSIVE;
				CLANG_WARN_UNREACHABLE_CODE = YES;
				CLANG_WARN__DUPLICATE_METHOD_MATCH = YES;
				CODE_SIGN_IDENTITY = "iPhone Developer";
				COPY_PHASE_STRIP = NO;
				DEBUG_INFORMATION_FORMAT = "dwarf-with-dsym";
				ENABLE_NS_ASSERTIONS = NO;
				ENABLE_STRICT_OBJC_MSGSEND = YES;
				GCC_C_LANGUAGE_STANDARD = gnu11;
				GCC_NO_COMMON_BLOCKS = YES;
				GCC_WARN_64_TO_32_BIT_CONVERSION = YES;
				GCC_WARN_ABOUT_RETURN_TYPE = YES_ERROR;
				GCC_WARN_UNDECLARED_SELECTOR = YES;
				GCC_WARN_UNINITIALIZED_AUTOS = YES_AGGRESSIVE;
				GCC_WARN_UNUSED_FUNCTION = YES;
				GCC_WARN_UNUSED_VARIABLE = YES;
				IPHONEOS_DEPLOYMENT_TARGET = 11.0;
				MTL_ENABLE_DEBUG_INFO = NO;
				SDKROOT = iphoneos;
				SWIFT_OPTIMIZATION_LEVEL = "-Owholemodule";
				VALIDATE_PRODUCT = YES;
			};
			name = Release;
		};
		224A767D1F9BC556004AEB3A /* Debug */ = {
			isa = XCBuildConfiguration;
			baseConfigurationReference = 5676620A6A6E56C10751498B /* Pods-fudar-user.debug.xcconfig */;
			buildSettings = {
				ASSETCATALOG_COMPILER_APPICON_NAME = AppIcon;
				CODE_SIGN_STYLE = Automatic;
				DEVELOPMENT_TEAM = 4SB3F2S2K3;
				INFOPLIST_FILE = "fudar-user/Info.plist";
				LD_RUNPATH_SEARCH_PATHS = "$(inherited) @executable_path/Frameworks";
				PRODUCT_BUNDLE_IDENTIFIER = com.silverlogic.fudar;
				PRODUCT_NAME = "$(TARGET_NAME)";
				SWIFT_VERSION = 4.0;
				TARGETED_DEVICE_FAMILY = 1;
			};
			name = Debug;
		};
		224A767E1F9BC556004AEB3A /* Release */ = {
			isa = XCBuildConfiguration;
			baseConfigurationReference = E4FD5422285CC1B0E097958F /* Pods-fudar-user.release.xcconfig */;
			buildSettings = {
				ASSETCATALOG_COMPILER_APPICON_NAME = AppIcon;
				CODE_SIGN_STYLE = Automatic;
				DEVELOPMENT_TEAM = 4SB3F2S2K3;
				INFOPLIST_FILE = "fudar-user/Info.plist";
				LD_RUNPATH_SEARCH_PATHS = "$(inherited) @executable_path/Frameworks";
				PRODUCT_BUNDLE_IDENTIFIER = com.silverlogic.fudar;
				PRODUCT_NAME = "$(TARGET_NAME)";
				SWIFT_VERSION = 4.0;
				TARGETED_DEVICE_FAMILY = 1;
			};
			name = Release;
		};
		224A76801F9BC556004AEB3A /* Debug */ = {
			isa = XCBuildConfiguration;
			baseConfigurationReference = 373080FC4C5CCDE44A7C7675 /* Pods-fudar-userTests.debug.xcconfig */;
			buildSettings = {
				ALWAYS_EMBED_SWIFT_STANDARD_LIBRARIES = YES;
				BUNDLE_LOADER = "$(TEST_HOST)";
				CODE_SIGN_STYLE = Automatic;
				DEVELOPMENT_TEAM = 4SB3F2S2K3;
				INFOPLIST_FILE = "fudar-userTests/Info.plist";
				LD_RUNPATH_SEARCH_PATHS = "$(inherited) @executable_path/Frameworks @loader_path/Frameworks";
				PRODUCT_BUNDLE_IDENTIFIER = "com.silverlogic.fudar-userTests";
				PRODUCT_NAME = "$(TARGET_NAME)";
				SWIFT_VERSION = 4.0;
				TARGETED_DEVICE_FAMILY = "1,2";
				TEST_HOST = "$(BUILT_PRODUCTS_DIR)/fudar-user.app/fudar-user";
			};
			name = Debug;
		};
		224A76811F9BC556004AEB3A /* Release */ = {
			isa = XCBuildConfiguration;
			baseConfigurationReference = A58405B6BE82C672B17DFE33 /* Pods-fudar-userTests.release.xcconfig */;
			buildSettings = {
				ALWAYS_EMBED_SWIFT_STANDARD_LIBRARIES = YES;
				BUNDLE_LOADER = "$(TEST_HOST)";
				CODE_SIGN_STYLE = Automatic;
				DEVELOPMENT_TEAM = 4SB3F2S2K3;
				INFOPLIST_FILE = "fudar-userTests/Info.plist";
				LD_RUNPATH_SEARCH_PATHS = "$(inherited) @executable_path/Frameworks @loader_path/Frameworks";
				PRODUCT_BUNDLE_IDENTIFIER = "com.silverlogic.fudar-userTests";
				PRODUCT_NAME = "$(TARGET_NAME)";
				SWIFT_VERSION = 4.0;
				TARGETED_DEVICE_FAMILY = "1,2";
				TEST_HOST = "$(BUILT_PRODUCTS_DIR)/fudar-user.app/fudar-user";
			};
			name = Release;
		};
		224A76831F9BC556004AEB3A /* Debug */ = {
			isa = XCBuildConfiguration;
			baseConfigurationReference = C4B58B137F3C62A75BB497C7 /* Pods-fudar-userUITests.debug.xcconfig */;
			buildSettings = {
				ALWAYS_EMBED_SWIFT_STANDARD_LIBRARIES = YES;
				CODE_SIGN_STYLE = Automatic;
				DEVELOPMENT_TEAM = 4SB3F2S2K3;
				INFOPLIST_FILE = "fudar-userUITests/Info.plist";
				LD_RUNPATH_SEARCH_PATHS = "$(inherited) @executable_path/Frameworks @loader_path/Frameworks";
				PRODUCT_BUNDLE_IDENTIFIER = "com.silverlogic.fudar-userUITests";
				PRODUCT_NAME = "$(TARGET_NAME)";
				SWIFT_VERSION = 4.0;
				TARGETED_DEVICE_FAMILY = "1,2";
				TEST_TARGET_NAME = "fudar-user";
			};
			name = Debug;
		};
		224A76841F9BC556004AEB3A /* Release */ = {
			isa = XCBuildConfiguration;
			baseConfigurationReference = 55F4A4319CDCF69E3B698F30 /* Pods-fudar-userUITests.release.xcconfig */;
			buildSettings = {
				ALWAYS_EMBED_SWIFT_STANDARD_LIBRARIES = YES;
				CODE_SIGN_STYLE = Automatic;
				DEVELOPMENT_TEAM = 4SB3F2S2K3;
				INFOPLIST_FILE = "fudar-userUITests/Info.plist";
				LD_RUNPATH_SEARCH_PATHS = "$(inherited) @executable_path/Frameworks @loader_path/Frameworks";
				PRODUCT_BUNDLE_IDENTIFIER = "com.silverlogic.fudar-userUITests";
				PRODUCT_NAME = "$(TARGET_NAME)";
				SWIFT_VERSION = 4.0;
				TARGETED_DEVICE_FAMILY = "1,2";
				TEST_TARGET_NAME = "fudar-user";
			};
			name = Release;
		};
/* End XCBuildConfiguration section */

/* Begin XCConfigurationList section */
		224A764D1F9BC556004AEB3A /* Build configuration list for PBXProject "fudar-user" */ = {
			isa = XCConfigurationList;
			buildConfigurations = (
				224A767A1F9BC556004AEB3A /* Debug */,
				224A767B1F9BC556004AEB3A /* Release */,
			);
			defaultConfigurationIsVisible = 0;
			defaultConfigurationName = Release;
		};
		224A767C1F9BC556004AEB3A /* Build configuration list for PBXNativeTarget "fudar-user" */ = {
			isa = XCConfigurationList;
			buildConfigurations = (
				224A767D1F9BC556004AEB3A /* Debug */,
				224A767E1F9BC556004AEB3A /* Release */,
			);
			defaultConfigurationIsVisible = 0;
			defaultConfigurationName = Release;
		};
		224A767F1F9BC556004AEB3A /* Build configuration list for PBXNativeTarget "fudar-userTests" */ = {
			isa = XCConfigurationList;
			buildConfigurations = (
				224A76801F9BC556004AEB3A /* Debug */,
				224A76811F9BC556004AEB3A /* Release */,
			);
			defaultConfigurationIsVisible = 0;
			defaultConfigurationName = Release;
		};
		224A76821F9BC556004AEB3A /* Build configuration list for PBXNativeTarget "fudar-userUITests" */ = {
			isa = XCConfigurationList;
			buildConfigurations = (
				224A76831F9BC556004AEB3A /* Debug */,
				224A76841F9BC556004AEB3A /* Release */,
			);
			defaultConfigurationIsVisible = 0;
			defaultConfigurationName = Release;
		};
/* End XCConfigurationList section */
	};
	rootObject = 224A764A1F9BC556004AEB3A /* Project object */;
}
